
Microsoft Visual Studio Solution File, Format Version 12.00
# Visual Studio Version 16
VisualStudioVersion = 16.0.29505.145
MinimumVisualStudioVersion = 10.0.40219.1
Project("{FAE04EC0-301F-11D3-BF4B-00C04F79EFBC}") = "HidTester", "ConsoleApp1\HidTester.csproj", "{9F708F2B-17C8-47A3-BD8D-E77E0BFBE9E6}"
EndProject
Global
	GlobalSection(SolutionConfigurationPlatforms) = preSolution
		Debug|Any CPU = Debug|Any CPU
		Release|Any CPU = Release|Any CPU
	EndGlobalSection
	GlobalSection(ProjectConfigurationPlatforms) = postSolution
		{9F708F2B-17C8-47A3-BD8D-E77E0BFBE9E6}.Debug|Any CPU.ActiveCfg = Debug|Any CPU
		{9F708F2B-17C8-47A3-BD8D-E77E0BFBE9E6}.Debug|Any CPU.Build.0 = Debug|Any CPU
		{9F708F2B-17C8-47A3-BD8D-E77E0BFBE9E6}.Release|Any CPU.ActiveCfg = Release|Any CPU
		{9F708F2B-17C8-47A3-BD8D-E77E0BFBE9E6}.Release|Any CPU.Build.0 = Release|Any CPU
	EndGlobalSection
	GlobalSection(SolutionProperties) = preSolution
		HideSolutionNode = FALSE
	EndGlobalSection
	GlobalSection(ExtensibilityGlobals) = postSolution
		SolutionGuid = {D095F8BD-32E2-4ADB-9976-F14D4EEFE410}
	EndGlobalSection
EndGlobal
